uuid: 556e2051-7572-4f63-a34b-e5983263fdb6
langcode: es
status: true
dependencies:
  module:
    - saibher_password_manager
active_version: 9131f3024f98e445
versioned_properties:
  active:
    settings:
      default_settings:
        id: PasswordGenerateBlock
        label: 'Bloque de generación de contraseñas'
        label_display: '0'
        provider: saibher_password_manager
    fallback_metadata:
      slot_definitions: null
label: 'Bloque de generación de contraseñas'
id: block.PasswordGenerateBlock
provider: saibher_password_manager
source: block
source_local_id: PasswordGenerateBlock
