uuid: 03419b0c-b9c0-468b-883c-1cc1acda7641
langcode: es
status: false
dependencies:
  config:
    - views.view.who_s_online
  module:
    - views
active_version: d1b670c7239ceec7
versioned_properties:
  active:
    settings:
      default_settings:
        id: 'views_block:who_s_online-who_s_online_block'
        label: 'Quién está conectado'
        label_display: '0'
        provider: views
        views_label: ''
        items_per_page: null
    fallback_metadata:
      slot_definitions: null
label: 'Quién está conectado'
id: block.views_block.who_s_online-who_s_online_block
provider: views
source: block
source_local_id: 'views_block:who_s_online-who_s_online_block'
